
Microsoft Visual Studio Solution File, Format Version 12.00
# Visual Studio Version 16
VisualStudioVersion = 16.0.30907.101
MinimumVisualStudioVersion = 10.0.40219.1
Project("{9A19103F-16F7-4668-BE54-9A1E7A4F7556}") = "Chatter.API", "Chatter\Chatter.API.csproj", "{DB99DFD9-1913-4FBD-80A8-1711510B2AEC}"
EndProject
Project("{9A19103F-16F7-4668-BE54-9A1E7A4F7556}") = "Chatter.BusinessLogic", "Chatter.BusinessLogic\Chatter.BusinessLogic.csproj", "{6CC21101-16FD-4C14-90FB-825F5349CD6C}"
EndProject
Project("{FAE04EC0-301F-11D3-BF4B-00C04F79EFBC}") = "Chatter.ConsoleClient", "Chatter.ConsoleClient\Chatter.ConsoleClient.csproj", "{41884D5E-2BF7-45BE-B60C-2E926C60EF84}"
EndProject
Global
	GlobalSection(SolutionConfigurationPlatforms) = preSolution
		Debug|Any CPU = Debug|Any CPU
		Release|Any CPU = Release|Any CPU
	EndGlobalSection
	GlobalSection(ProjectConfigurationPlatforms) = postSolution
		{DB99DFD9-1913-4FBD-80A8-1711510B2AEC}.Debug|Any CPU.ActiveCfg = Debug|Any CPU
		{DB99DFD9-1913-4FBD-80A8-1711510B2AEC}.Debug|Any CPU.Build.0 = Debug|Any CPU
		{DB99DFD9-1913-4FBD-80A8-1711510B2AEC}.Release|Any CPU.ActiveCfg = Release|Any CPU
		{DB99DFD9-1913-4FBD-80A8-1711510B2AEC}.Release|Any CPU.Build.0 = Release|Any CPU
		{6CC21101-16FD-4C14-90FB-825F5349CD6C}.Debug|Any CPU.ActiveCfg = Debug|Any CPU
		{6CC21101-16FD-4C14-90FB-825F5349CD6C}.Debug|Any CPU.Build.0 = Debug|Any CPU
		{6CC21101-16FD-4C14-90FB-825F5349CD6C}.Release|Any CPU.ActiveCfg = Release|Any CPU
		{6CC21101-16FD-4C14-90FB-825F5349CD6C}.Release|Any CPU.Build.0 = Release|Any CPU
		{41884D5E-2BF7-45BE-B60C-2E926C60EF84}.Debug|Any CPU.ActiveCfg = Debug|Any CPU
		{41884D5E-2BF7-45BE-B60C-2E926C60EF84}.Debug|Any CPU.Build.0 = Debug|Any CPU
		{41884D5E-2BF7-45BE-B60C-2E926C60EF84}.Release|Any CPU.ActiveCfg = Release|Any CPU
		{41884D5E-2BF7-45BE-B60C-2E926C60EF84}.Release|Any CPU.Build.0 = Release|Any CPU
	EndGlobalSection
	GlobalSection(SolutionProperties) = preSolution
		HideSolutionNode = FALSE
	EndGlobalSection
	GlobalSection(ExtensibilityGlobals) = postSolution
		SolutionGuid = {D026D1DA-EEFA-4806-BEF4-45F25C9755D4}
	EndGlobalSection
EndGlobal
